
Microsoft Visual Studio Solution File, Format Version 12.00
# Visual Studio Version 16
VisualStudioVersion = 16.0.30611.23
MinimumVisualStudioVersion = 10.0.40219.1
Project("{FAE04EC0-301F-11D3-BF4B-00C04F79EFBC}") = "ConsoleApp1", "ConsoleApp1\ConsoleApp1.csproj", "{C9703E6B-62AB-413E-B6FE-B1D18D5EAC6D}"
EndProject
Global
	GlobalSection(SolutionConfigurationPlatforms) = preSolution
		Debug|Any CPU = Debug|Any CPU
		Release|Any CPU = Release|Any CPU
	EndGlobalSection
	GlobalSection(ProjectConfigurationPlatforms) = postSolution
		{C9703E6B-62AB-413E-B6FE-B1D18D5EAC6D}.Debug|Any CPU.ActiveCfg = Debug|Any CPU
		{C9703E6B-62AB-413E-B6FE-B1D18D5EAC6D}.Debug|Any CPU.Build.0 = Debug|Any CPU
		{C9703E6B-62AB-413E-B6FE-B1D18D5EAC6D}.Release|Any CPU.ActiveCfg = Release|Any CPU
		{C9703E6B-62AB-413E-B6FE-B1D18D5EAC6D}.Release|Any CPU.Build.0 = Release|Any CPU
	EndGlobalSection
	GlobalSection(SolutionProperties) = preSolution
		HideSolutionNode = FALSE
	EndGlobalSection
	GlobalSection(ExtensibilityGlobals) = postSolution
		SolutionGuid = {A5B599BE-A4BD-4A29-8D47-F2CABE0C2F65}
	EndGlobalSection
EndGlobal
