
Microsoft Visual Studio Solution File, Format Version 12.00
# Visual Studio Version 16
VisualStudioVersion = 16.0.30611.23
MinimumVisualStudioVersion = 10.0.40219.1
Project("{FAE04EC0-301F-11D3-BF4B-00C04F79EFBC}") = "figuras_geometricas", "figuras_geometricas\figuras_geometricas.csproj", "{B1D8B222-8BF5-4272-BB44-2848CF9CF1D6}"
EndProject
Global
	GlobalSection(SolutionConfigurationPlatforms) = preSolution
		Debug|Any CPU = Debug|Any CPU
		Release|Any CPU = Release|Any CPU
	EndGlobalSection
	GlobalSection(ProjectConfigurationPlatforms) = postSolution
		{B1D8B222-8BF5-4272-BB44-2848CF9CF1D6}.Debug|Any CPU.ActiveCfg = Debug|Any CPU
		{B1D8B222-8BF5-4272-BB44-2848CF9CF1D6}.Debug|Any CPU.Build.0 = Debug|Any CPU
		{B1D8B222-8BF5-4272-BB44-2848CF9CF1D6}.Release|Any CPU.ActiveCfg = Release|Any CPU
		{B1D8B222-8BF5-4272-BB44-2848CF9CF1D6}.Release|Any CPU.Build.0 = Release|Any CPU
	EndGlobalSection
	GlobalSection(SolutionProperties) = preSolution
		HideSolutionNode = FALSE
	EndGlobalSection
	GlobalSection(ExtensibilityGlobals) = postSolution
		SolutionGuid = {A2A4CD91-D2B2-4FC6-BED6-E2A2BBF384B5}
	EndGlobalSection
EndGlobal
